Microsoft Visual Studio Solution File, Format Version 12.00
# Visual Studio Version 17
VisualStudioVersion = 17.5.2.0
MinimumVisualStudioVersion = 10.0.40219.1
Project("{FAE04EC0-301F-11D3-BF4B-00C04F79EFBC}") = "Cidades_LitoralSulSP", "Cidades_LitoralSulSP.csproj", "{827D1B28-5305-E46C-7D33-B304A4F21139}"
EndProject
Global
	GlobalSection(SolutionConfigurationPlatforms) = preSolution
		Debug|Any CPU = Debug|Any CPU
		Release|Any CPU = Release|Any CPU
	EndGlobalSection
	GlobalSection(ProjectConfigurationPlatforms) = postSolution
		{827D1B28-5305-E46C-7D33-B304A4F21139}.Debug|Any CPU.ActiveCfg = Debug|Any CPU
		{827D1B28-5305-E46C-7D33-B304A4F21139}.Debug|Any CPU.Build.0 = Debug|Any CPU
		{827D1B28-5305-E46C-7D33-B304A4F21139}.Release|Any CPU.ActiveCfg = Release|Any CPU
		{827D1B28-5305-E46C-7D33-B304A4F21139}.Release|Any CPU.Build.0 = Release|Any CPU
	EndGlobalSection
	GlobalSection(SolutionProperties) = preSolution
		HideSolutionNode = FALSE
	EndGlobalSection
	GlobalSection(ExtensibilityGlobals) = postSolution
		SolutionGuid = {70007197-8349-4B96-A5D1-B78F14208AF8}
	EndGlobalSection
EndGlobal
